DEPENDENCIES
  grid-hub
    path: .
    metadata: true

GRAPH
  apt (2.9.2)
  awscli (1.1.2)
    python (~> 1.4)
  build-essential (2.2.4)
  chef_handler (1.2.0)
  chrome (1.1.1)
    apt (~> 2.3)
    dmg (~> 2.2)
    windows (~> 1.0)
    yum (~> 3.2)
  cron (1.7.0)
  dmg (2.3.0)
  grid-hub (0.1.0)
    awscli (>= 0.0.0)
    build-essential (>= 0.0.0)
    chrome (>= 0.0.0)
    cron (>= 0.0.0)
    java (>= 0.0.0)
    python (>= 0.0.0)
    selenium (< 2.5.1)
    xvfb (>= 0.0.0)
    yum (>= 0.0.0)
    yum-epel (>= 0.0.0)
  java (1.35.0)
  python (1.4.6)
    build-essential (>= 0.0.0)
    yum-epel (>= 0.0.0)
  selenium (2.5.0)
  windows (1.38.2)
    chef_handler (>= 0.0.0)
  xvfb (2.0.0)
  yum (3.8.2)
  yum-epel (0.6.4)
    yum (~> 3.2)
